
Microsoft Visual Studio Solution File, Format Version 12.00
# Visual Studio Version 17
VisualStudioVersion = 17.0.31903.59
MinimumVisualStudioVersion = 10.0.40219.1
Project("{FAE04EC0-301F-11D3-BF4B-00C04F79EFBC}") = "AlexBotAPI", "AlexBotAPI\AlexBotAPI.csproj", "{D2D1FB8A-8574-4CB8-9EC7-EC41FA837E14}"
EndProject
Project("{FAE04EC0-301F-11D3-BF4B-00C04F79EFBC}") = "PortfolioAPI", "PortfolioAPI\PortfolioAPI.csproj", "{06C3B7A6-53CA-41C4-AA08-6CF4E7648823}"
EndProject
Global
	GlobalSection(SolutionConfigurationPlatforms) = preSolution
		Debug|Any CPU = Debug|Any CPU
		Release|Any CPU = Release|Any CPU
	EndGlobalSection
	GlobalSection(SolutionProperties) = preSolution
		HideSolutionNode = FALSE
	EndGlobalSection
	GlobalSection(ProjectConfigurationPlatforms) = postSolution
		{D2D1FB8A-8574-4CB8-9EC7-EC41FA837E14}.Debug|Any CPU.ActiveCfg = Debug|Any CPU
		{D2D1FB8A-8574-4CB8-9EC7-EC41FA837E14}.Debug|Any CPU.Build.0 = Debug|Any CPU
		{D2D1FB8A-8574-4CB8-9EC7-EC41FA837E14}.Release|Any CPU.ActiveCfg = Release|Any CPU
		{D2D1FB8A-8574-4CB8-9EC7-EC41FA837E14}.Release|Any CPU.Build.0 = Release|Any CPU
		{06C3B7A6-53CA-41C4-AA08-6CF4E7648823}.Debug|Any CPU.ActiveCfg = Debug|Any CPU
		{06C3B7A6-53CA-41C4-AA08-6CF4E7648823}.Debug|Any CPU.Build.0 = Debug|Any CPU
		{06C3B7A6-53CA-41C4-AA08-6CF4E7648823}.Release|Any CPU.ActiveCfg = Release|Any CPU
		{06C3B7A6-53CA-41C4-AA08-6CF4E7648823}.Release|Any CPU.Build.0 = Release|Any CPU
	EndGlobalSection
EndGlobal
